
Microsoft Visual Studio Solution File, Format Version 12.00
# Visual Studio Version 16
VisualStudioVersion = 16.0.31205.134
MinimumVisualStudioVersion = 10.0.40219.1
Project("{9A19103F-16F7-4668-BE54-9A1E7A4F7556}") = "ChildParent", "ChildParent\ChildParent.csproj", "{7CE2444F-8E49-4186-9188-E4BE9BBB6A1D}"
EndProject
Project("{FAE04EC0-301F-11D3-BF4B-00C04F79EFBC}") = "WebApplication2", "WebApplication2\WebApplication2.csproj", "{6ACD77C7-243E-44A2-9002-8E0DAAA41599}"
EndProject
Global
	GlobalSection(SolutionConfigurationPlatforms) = preSolution
		Debug|Any CPU = Debug|Any CPU
		Release|Any CPU = Release|Any CPU
	EndGlobalSection
	GlobalSection(ProjectConfigurationPlatforms) = postSolution
		{7CE2444F-8E49-4186-9188-E4BE9BBB6A1D}.Debug|Any CPU.ActiveCfg = Debug|Any CPU
		{7CE2444F-8E49-4186-9188-E4BE9BBB6A1D}.Debug|Any CPU.Build.0 = Debug|Any CPU
		{7CE2444F-8E49-4186-9188-E4BE9BBB6A1D}.Release|Any CPU.ActiveCfg = Release|Any CPU
		{7CE2444F-8E49-4186-9188-E4BE9BBB6A1D}.Release|Any CPU.Build.0 = Release|Any CPU
		{6ACD77C7-243E-44A2-9002-8E0DAAA41599}.Debug|Any CPU.ActiveCfg = Debug|Any CPU
		{6ACD77C7-243E-44A2-9002-8E0DAAA41599}.Debug|Any CPU.Build.0 = Debug|Any CPU
		{6ACD77C7-243E-44A2-9002-8E0DAAA41599}.Release|Any CPU.ActiveCfg = Release|Any CPU
		{6ACD77C7-243E-44A2-9002-8E0DAAA41599}.Release|Any CPU.Build.0 = Release|Any CPU
	EndGlobalSection
	GlobalSection(SolutionProperties) = preSolution
		HideSolutionNode = FALSE
	EndGlobalSection
	GlobalSection(ExtensibilityGlobals) = postSolution
		SolutionGuid = {2966472B-622A-4BCB-B25D-CB728AAB382F}
	EndGlobalSection
EndGlobal
