
Microsoft Visual Studio Solution File, Format Version 12.00
# Visual Studio Version 16
VisualStudioVersion = 16.0.31205.134
MinimumVisualStudioVersion = 10.0.40219.1
Project("{FAE04EC0-301F-11D3-BF4B-00C04F79EFBC}") = "ParentChild", "ParentChild\ParentChild.csproj", "{1AD83199-5E16-4111-8112-E7921AA6A01C}"
EndProject
Global
	GlobalSection(SolutionConfigurationPlatforms) = preSolution
		Debug|Any CPU = Debug|Any CPU
		Release|Any CPU = Release|Any CPU
	EndGlobalSection
	GlobalSection(ProjectConfigurationPlatforms) = postSolution
		{1AD83199-5E16-4111-8112-E7921AA6A01C}.Debug|Any CPU.ActiveCfg = Debug|Any CPU
		{1AD83199-5E16-4111-8112-E7921AA6A01C}.Debug|Any CPU.Build.0 = Debug|Any CPU
		{1AD83199-5E16-4111-8112-E7921AA6A01C}.Release|Any CPU.ActiveCfg = Release|Any CPU
		{1AD83199-5E16-4111-8112-E7921AA6A01C}.Release|Any CPU.Build.0 = Release|Any CPU
	EndGlobalSection
	GlobalSection(SolutionProperties) = preSolution
		HideSolutionNode = FALSE
	EndGlobalSection
	GlobalSection(ExtensibilityGlobals) = postSolution
		SolutionGuid = {EE6C6D47-BDEF-436C-9715-D794D3ABA2CC}
	EndGlobalSection
EndGlobal
